// !$*UTF8*$!
{
	archiveVersion = 1;
	classes = {
	};
	objectVersion = 56;
	objects = {

/* Begin PBXBuildFile section */
		7B49FBF42A66C75A000FBAAA /* TodoEntity+Extension.swift in Sources */ = {isa = PBXBuildFile; fileRef = 7B49FBF32A66C75A000FBAAA /* TodoEntity+Extension.swift */; };
		7B49FBF62A66CCE8000FBAAA /* CategoryView.swift in Sources */ = {isa = PBXBuildFile; fileRef = 7B49FBF52A66CCE8000FBAAA /* CategoryView.swift */; };
		7B4F11DB2A68EAA50071DA12 /* TodoDetailRow.swift in Sources */ = {isa = PBXBuildFile; fileRef = 7B4F11DA2A68EAA50071DA12 /* TodoDetailRow.swift */; };
		7B544D102A5F3EDA00D8947F /* TodoApp.swift in Sources */ = {isa = PBXBuildFile; fileRef = 7B544D0F2A5F3EDA00D8947F /* TodoApp.swift */; };
		7B544D122A5F3EDA00D8947F /* ContentView.swift in Sources */ = {isa = PBXBuildFile; fileRef = 7B544D112A5F3EDA00D8947F /* ContentView.swift */; };
		7B544D142A5F3EDA00D8947F /* Assets.xcassets in Resources */ = {isa = PBXBuildFile; fileRef = 7B544D132A5F3EDA00D8947F /* Assets.xcassets */; };
		7B544D172A5F3EDA00D8947F /* Preview Assets.xcassets in Resources */ = {isa = PBXBuildFile; fileRef = 7B544D162A5F3EDA00D8947F /* Preview Assets.xcassets */; };
		7B544D192A5F3EDA00D8947F /* Persistence.swift in Sources */ = {isa = PBXBuildFile; fileRef = 7B544D182A5F3EDA00D8947F /* Persistence.swift */; };
		7B544D1C2A5F3EDA00D8947F /* Todo.xcdatamodeld in Sources */ = {isa = PBXBuildFile; fileRef = 7B544D1A2A5F3EDA00D8947F /* Todo.xcdatamodeld */; };
		7B544D232A5F403A00D8947F /* Category.swift in Sources */ = {isa = PBXBuildFile; fileRef = 7B544D222A5F403A00D8947F /* Category.swift */; };
		7B544D252A5F480400D8947F /* CheckBox.swift in Sources */ = {isa = PBXBuildFile; fileRef = 7B544D242A5F480400D8947F /* CheckBox.swift */; };
		7B5826402A6EB0D40094FED9 /* KeyboardObserver.swift in Sources */ = {isa = PBXBuildFile; fileRef = 7B58263F2A6EB0D40094FED9 /* KeyboardObserver.swift */; };
		7B5826422A6EB1BF0094FED9 /* UIApplication+Extension.swift in Sources */ = {isa = PBXBuildFile; fileRef = 7B5826412A6EB1BF0094FED9 /* UIApplication+Extension.swift */; };
		7B58E9382A67936100065C88 /* QuickNewTask.swift in Sources */ = {isa = PBXBuildFile; fileRef = 7B58E9372A67936100065C88 /* QuickNewTask.swift */; };
		7B58E93A2A67FDD000065C88 /* TodoList.swift in Sources */ = {isa = PBXBuildFile; fileRef = 7B58E9392A67FDD000065C88 /* TodoList.swift */; };
		7B5902F42A6A19B700B3C0BA /* NewTask.swift in Sources */ = {isa = PBXBuildFile; fileRef = 7B5902F32A6A19B700B3C0BA /* NewTask.swift */; };
		7B5902F62A6AA98700B3C0BA /* Binding+Extension.swift in Sources */ = {isa = PBXBuildFile; fileRef = 7B5902F52A6AA98700B3C0BA /* Binding+Extension.swift */; };
		7BEC0BB62A65886C00E5A722 /* Color+Extension.swift in Sources */ = {isa = PBXBuildFile; fileRef = 7BEC0BB52A65886C00E5A722 /* Color+Extension.swift */; };
		7BEC0BB82A658A7500E5A722 /* UserView.swift in Sources */ = {isa = PBXBuildFile; fileRef = 7BEC0BB72A658A7500E5A722 /* UserView.swift */; };
		7BFDE2EF2A6D4E4C005C51DB /* EditTask.swift in Sources */ = {isa = PBXBuildFile; fileRef = 7BFDE2EE2A6D4E4C005C51DB /* EditTask.swift */; };
		7BFDE2F12A6D6B3C005C51DB /* Date+Extension.swift in Sources */ = {isa = PBXBuildFile; fileRef = 7BFDE2F02A6D6B3C005C51DB /* Date+Extension.swift */; };
		7BFDE2F32A6D6CC5005C51DB /* TaskToday.swift in Sources */ = {isa = PBXBuildFile; fileRef = 7BFDE2F22A6D6CC5005C51DB /* TaskToday.swift */; };
		7BFDE2F52A6D6DCC005C51DB /* RoundedCorners.swift in Sources */ = {isa = PBXBuildFile; fileRef = 7BFDE2F42A6D6DCC005C51DB /* RoundedCorners.swift */; };
/* End PBXBuildFile section */

/* Begin PBXFileReference section */
		7B49FBF32A66C75A000FBAAA /* TodoEntity+Extension.swift */ = {isa = PBXFileReference; lastKnownFileType = sourcecode.swift; path = "TodoEntity+Extension.swift"; sourceTree = "<group>"; };
		7B49FBF52A66CCE8000FBAAA /* CategoryView.swift */ = {isa = PBXFileReference; lastKnownFileType = sourcecode.swift; path = CategoryView.swift; sourceTree = "<group>"; };
		7B4F11DA2A68EAA50071DA12 /* TodoDetailRow.swift */ = {isa = PBXFileReference; lastKnownFileType = sourcecode.swift; path = TodoDetailRow.swift; sourceTree = "<group>"; };
		7B544D0C2A5F3EDA00D8947F /* Todo.app */ = {isa = PBXFileReference; explicitFileType = wrapper.application; includeInIndex = 0; path = Todo.app; sourceTree = BUILT_PRODUCTS_DIR; };
		7B544D0F2A5F3EDA00D8947F /* TodoApp.swift */ = {isa = PBXFileReference; lastKnownFileType = sourcecode.swift; path = TodoApp.swift; sourceTree = "<group>"; };
		7B544D112A5F3EDA00D8947F /* ContentView.swift */ = {isa = PBXFileReference; lastKnownFileType = sourcecode.swift; path = ContentView.swift; sourceTree = "<group>"; };
		7B544D132A5F3EDA00D8947F /* Assets.xcassets */ = {isa = PBXFileReference; lastKnownFileType = folder.assetcatalog; path = Assets.xcassets; sourceTree = "<group>"; };
		7B544D162A5F3EDA00D8947F /* Preview Assets.xcassets */ = {isa = PBXFileReference; lastKnownFileType = folder.assetcatalog; path = "Preview Assets.xcassets"; sourceTree = "<group>"; };
		7B544D182A5F3EDA00D8947F /* Persistence.swift */ = {isa = PBXFileReference; lastKnownFileType = sourcecode.swift; path = Persistence.swift; sourceTree = "<group>"; };
		7B544D1B2A5F3EDA00D8947F /* Todo.xcdatamodel */ = {isa = PBXFileReference; lastKnownFileType = wrapper.xcdatamodel; path = Todo.xcdatamodel; sourceTree = "<group>"; };
		7B544D222A5F403A00D8947F /* Category.swift */ = {isa = PBXFileReference; lastKnownFileType = sourcecode.swift; path = Category.swift; sourceTree = "<group>"; };
		7B544D242A5F480400D8947F /* CheckBox.swift */ = {isa = PBXFileReference; lastKnownFileType = sourcecode.swift; path = CheckBox.swift; sourceTree = "<group>"; };
		7B58263F2A6EB0D40094FED9 /* KeyboardObserver.swift */ = {isa = PBXFileReference; lastKnownFileType = sourcecode.swift; path = KeyboardObserver.swift; sourceTree = "<group>"; };
		7B5826412A6EB1BF0094FED9 /* UIApplication+Extension.swift */ = {isa = PBXFileReference; lastKnownFileType = sourcecode.swift; path = "UIApplication+Extension.swift"; sourceTree = "<group>"; };
		7B58E9372A67936100065C88 /* QuickNewTask.swift */ = {isa = PBXFileReference; lastKnownFileType = sourcecode.swift; path = QuickNewTask.swift; sourceTree = "<group>"; };
		7B58E9392A67FDD000065C88 /* TodoList.swift */ = {isa = PBXFileReference; lastKnownFileType = sourcecode.swift; path = TodoList.swift; sourceTree = "<group>"; };
		7B5902F32A6A19B700B3C0BA /* NewTask.swift */ = {isa = PBXFileReference; lastKnownFileType = sourcecode.swift; path = NewTask.swift; sourceTree = "<group>"; };
		7B5902F52A6AA98700B3C0BA /* Binding+Extension.swift */ = {isa = PBXFileReference; lastKnownFileType = sourcecode.swift; path = "Binding+Extension.swift"; sourceTree = "<group>"; };
		7BEC0BB52A65886C00E5A722 /* Color+Extension.swift */ = {isa = PBXFileReference; lastKnownFileType = sourcecode.swift; path = "Color+Extension.swift"; sourceTree = "<group>"; };
		7BEC0BB72A658A7500E5A722 /* UserView.swift */ = {isa = PBXFileReference; lastKnownFileType = sourcecode.swift; path = UserView.swift; sourceTree = "<group>"; };
		7BFDE2EE2A6D4E4C005C51DB /* EditTask.swift */ = {isa = PBXFileReference; lastKnownFileType = sourcecode.swift; path = EditTask.swift; sourceTree = "<group>"; };
		7BFDE2F02A6D6B3C005C51DB /* Date+Extension.swift */ = {isa = PBXFileReference; lastKnownFileType = sourcecode.swift; path = "Date+Extension.swift"; sourceTree = "<group>"; };
		7BFDE2F22A6D6CC5005C51DB /* TaskToday.swift */ = {isa = PBXFileReference; lastKnownFileType = sourcecode.swift; path = TaskToday.swift; sourceTree = "<group>"; };
		7BFDE2F42A6D6DCC005C51DB /* RoundedCorners.swift */ = {isa = PBXFileReference; lastKnownFileType = sourcecode.swift; path = RoundedCorners.swift; sourceTree = "<group>"; };
/* End PBXFileReference section */

/* Begin PBXFrameworksBuildPhase section */
		7B544D092A5F3EDA00D8947F /* Frameworks */ = {
			isa = PBXFrameworksBuildPhase;
			buildActionMask = 2147483647;
			files = (
			);
			runOnlyForDeploymentPostprocessing = 0;
		};
/* End PBXFrameworksBuildPhase section */

/* Begin PBXGroup section */
		7B544D032A5F3EDA00D8947F = {
			isa = PBXGroup;
			children = (
				7B544D0E2A5F3EDA00D8947F /* Todo */,
				7B544D0D2A5F3EDA00D8947F /* Products */,
			);
			sourceTree = "<group>";
		};
		7B544D0D2A5F3EDA00D8947F /* Products */ = {
			isa = PBXGroup;
			children = (
				7B544D0C2A5F3EDA00D8947F /* Todo.app */,
			);
			name = Products;
			sourceTree = "<group>";
		};
		7B544D0E2A5F3EDA00D8947F /* Todo */ = {
			isa = PBXGroup;
			children = (
				7BEC0BB22A65853200E5A722 /* Extension */,
				7B544D0F2A5F3EDA00D8947F /* TodoApp.swift */,
				7B5902F32A6A19B700B3C0BA /* NewTask.swift */,
				7B544D112A5F3EDA00D8947F /* ContentView.swift */,
				7B58263F2A6EB0D40094FED9 /* KeyboardObserver.swift */,
				7BFDE2F42A6D6DCC005C51DB /* RoundedCorners.swift */,
				7BFDE2EE2A6D4E4C005C51DB /* EditTask.swift */,
				7B544D222A5F403A00D8947F /* Category.swift */,
				7B544D242A5F480400D8947F /* CheckBox.swift */,
				7BEC0BB72A658A7500E5A722 /* UserView.swift */,
				7B544D182A5F3EDA00D8947F /* Persistence.swift */,
				7B49FBF52A66CCE8000FBAAA /* CategoryView.swift */,
				7B58E9372A67936100065C88 /* QuickNewTask.swift */,
				7B58E9392A67FDD000065C88 /* TodoList.swift */,
				7BFDE2F22A6D6CC5005C51DB /* TaskToday.swift */,
				7B4F11DA2A68EAA50071DA12 /* TodoDetailRow.swift */,
				7B544D132A5F3EDA00D8947F /* Assets.xcassets */,
				7B544D1A2A5F3EDA00D8947F /* Todo.xcdatamodeld */,
				7B544D152A5F3EDA00D8947F /* Preview Content */,
			);
			path = Todo;
			sourceTree = "<group>";
		};
		7B544D152A5F3EDA00D8947F /* Preview Content */ = {
			isa = PBXGroup;
			children = (
				7B544D162A5F3EDA00D8947F /* Preview Assets.xcassets */,
			);
			path = "Preview Content";
			sourceTree = "<group>";
		};
		7BEC0BB22A65853200E5A722 /* Extension */ = {
			isa = PBXGroup;
			children = (
				7BEC0BB52A65886C00E5A722 /* Color+Extension.swift */,
				7B5902F52A6AA98700B3C0BA /* Binding+Extension.swift */,
				7B49FBF32A66C75A000FBAAA /* TodoEntity+Extension.swift */,
				7BFDE2F02A6D6B3C005C51DB /* Date+Extension.swift */,
				7B5826412A6EB1BF0094FED9 /* UIApplication+Extension.swift */,
			);
			path = Extension;
			sourceTree = "<group>";
		};
/* End PBXGroup section */

/* Begin PBXNativeTarget section */
		7B544D0B2A5F3EDA00D8947F /* Todo */ = {
			isa = PBXNativeTarget;
			buildConfigurationList = 7B544D1F2A5F3EDA00D8947F /* Build configuration list for PBXNativeTarget "Todo" */;
			buildPhases = (
				7B544D082A5F3EDA00D8947F /* Sources */,
				7B544D092A5F3EDA00D8947F /* Frameworks */,
				7B544D0A2A5F3EDA00D8947F /* Resources */,
			);
			buildRules = (
			);
			dependencies = (
			);
			name = Todo;
			productName = Todo;
			productReference = 7B544D0C2A5F3EDA00D8947F /* Todo.app */;
			productType = "com.apple.product-type.application";
		};
/* End PBXNativeTarget section */

/* Begin PBXProject section */
		7B544D042A5F3EDA00D8947F /* Project object */ = {
			isa = PBXProject;
			attributes = {
				BuildIndependentTargetsInParallel = 1;
				LastSwiftUpdateCheck = 1430;
				LastUpgradeCheck = 1430;
				TargetAttributes = {
					7B544D0B2A5F3EDA00D8947F = {
						CreatedOnToolsVersion = 14.3.1;
					};
				};
			};
			buildConfigurationList = 7B544D072A5F3EDA00D8947F /* Build configuration list for PBXProject "Todo" */;
			compatibilityVersion = "Xcode 14.0";
			developmentRegion = en;
			hasScannedForEncodings = 0;
			knownRegions = (
				en,
				Base,
			);
			mainGroup = 7B544D032A5F3EDA00D8947F;
			productRefGroup = 7B544D0D2A5F3EDA00D8947F /* Products */;
			projectDirPath = "";
			projectRoot = "";
			targets = (
				7B544D0B2A5F3EDA00D8947F /* Todo */,
			);
		};
/* End PBXProject section */

/* Begin PBXResourcesBuildPhase section */
		7B544D0A2A5F3EDA00D8947F /* Resources */ = {
			isa = PBXResourcesBuildPhase;
			buildActionMask = 2147483647;
			files = (
				7B544D172A5F3EDA00D8947F /* Preview Assets.xcassets in Resources */,
				7B544D142A5F3EDA00D8947F /* Assets.xcassets in Resources */,
			);
			runOnlyForDeploymentPostprocessing = 0;
		};
/* End PBXResourcesBuildPhase section */

/* Begin PBXSourcesBuildPhase section */
		7B544D082A5F3EDA00D8947F /* Sources */ = {
			isa = PBXSourcesBuildPhase;
			buildActionMask = 2147483647;
			files = (
				7B544D192A5F3EDA00D8947F /* Persistence.swift in Sources */,
				7B58E9382A67936100065C88 /* QuickNewTask.swift in Sources */,
				7BFDE2EF2A6D4E4C005C51DB /* EditTask.swift in Sources */,
				7BEC0BB62A65886C00E5A722 /* Color+Extension.swift in Sources */,
				7B58E93A2A67FDD000065C88 /* TodoList.swift in Sources */,
				7B5902F62A6AA98700B3C0BA /* Binding+Extension.swift in Sources */,
				7B544D232A5F403A00D8947F /* Category.swift in Sources */,
				7BEC0BB82A658A7500E5A722 /* UserView.swift in Sources */,
				7B49FBF62A66CCE8000FBAAA /* CategoryView.swift in Sources */,
				7BFDE2F12A6D6B3C005C51DB /* Date+Extension.swift in Sources */,
				7B5826402A6EB0D40094FED9 /* KeyboardObserver.swift in Sources */,
				7BFDE2F32A6D6CC5005C51DB /* TaskToday.swift in Sources */,
				7B544D252A5F480400D8947F /* CheckBox.swift in Sources */,
				7B5826422A6EB1BF0094FED9 /* UIApplication+Extension.swift in Sources */,
				7B544D122A5F3EDA00D8947F /* ContentView.swift in Sources */,
				7B5902F42A6A19B700B3C0BA /* NewTask.swift in Sources */,
				7B544D102A5F3EDA00D8947F /* TodoApp.swift in Sources */,
				7B4F11DB2A68EAA50071DA12 /* TodoDetailRow.swift in Sources */,
				7BFDE2F52A6D6DCC005C51DB /* RoundedCorners.swift in Sources */,
				7B49FBF42A66C75A000FBAAA /* TodoEntity+Extension.swift in Sources */,
				7B544D1C2A5F3EDA00D8947F /* Todo.xcdatamodeld in Sources */,
			);
			runOnlyForDeploymentPostprocessing = 0;
		};
/* End PBXSourcesBuildPhase section */

/* Begin XCBuildConfiguration section */
		7B544D1D2A5F3EDA00D8947F /* Debug */ = {
			isa = XCBuildConfiguration;
			buildSettings = {
				ALWAYS_SEARCH_USER_PATHS = NO;
				CLANG_ANALYZER_NONNULL = YES;
				CLANG_ANALYZER_NUMBER_OBJECT_CONVERSION = YES_AGGRESSIVE;
				CLANG_CXX_LANGUAGE_STANDARD = "gnu++20";
				CLANG_ENABLE_MODULES = YES;
				CLANG_ENABLE_OBJC_ARC = YES;
				CLANG_ENABLE_OBJC_WEAK = YES;
				CLANG_WARN_BLOCK_CAPTURE_AUTORELEASING = YES;
				CLANG_WARN_BOOL_CONVERSION = YES;
				CLANG_WARN_COMMA = YES;
				CLANG_WARN_CONSTANT_CONVERSION = YES;
				CLANG_WARN_DEPRECATED_OBJC_IMPLEMENTATIONS = YES;
				CLANG_WARN_DIRECT_OBJC_ISA_USAGE = YES_ERROR;
				CLANG_WARN_DOCUMENTATION_COMMENTS = YES;
				CLANG_WARN_EMPTY_BODY = YES;
				CLANG_WARN_ENUM_CONVERSION = YES;
				CLANG_WARN_INFINITE_RECURSION = YES;
				CLANG_WARN_INT_CONVERSION = YES;
				CLANG_WARN_NON_LITERAL_NULL_CONVERSION = YES;
				CLANG_WARN_OBJC_IMPLICIT_RETAIN_SELF = YES;
				CLANG_WARN_OBJC_LITERAL_CONVERSION = YES;
				CLANG_WARN_OBJC_ROOT_CLASS = YES_ERROR;
				CLANG_WARN_QUOTED_INCLUDE_IN_FRAMEWORK_HEADER = YES;
				CLANG_WARN_RANGE_LOOP_ANALYSIS = YES;
				CLANG_WARN_STRICT_PROTOTYPES = YES;
				CLANG_WARN_SUSPICIOUS_MOVE = YES;
				CLANG_WARN_UNGUARDED_AVAILABILITY = YES_AGGRESSIVE;
				CLANG_WARN_UNREACHABLE_CODE = YES;
				CLANG_WARN__DUPLICATE_METHOD_MATCH = YES;
				COPY_PHASE_STRIP = NO;
				DEBUG_INFORMATION_FORMAT = dwarf;
				ENABLE_STRICT_OBJC_MSGSEND = YES;
				ENABLE_TESTABILITY = YES;
				GCC_C_LANGUAGE_STANDARD = gnu11;
				GCC_DYNAMIC_NO_PIC = NO;
				GCC_NO_COMMON_BLOCKS = YES;
				GCC_OPTIMIZATION_LEVEL = 0;
				GCC_PREPROCESSOR_DEFINITIONS = (
					"DEBUG=1",
					"$(inherited)",
				);
				GCC_WARN_64_TO_32_BIT_CONVERSION = YES;
				GCC_WARN_ABOUT_RETURN_TYPE = YES_ERROR;
				GCC_WARN_UNDECLARED_SELECTOR = YES;
				GCC_WARN_UNINITIALIZED_AUTOS = YES_AGGRESSIVE;
				GCC_WARN_UNUSED_FUNCTION = YES;
				GCC_WARN_UNUSED_VARIABLE = YES;
				IPHONEOS_DEPLOYMENT_TARGET = 16.4;
				MTL_ENABLE_DEBUG_INFO = INCLUDE_SOURCE;
				MTL_FAST_MATH = YES;
				ONLY_ACTIVE_ARCH = YES;
				SDKROOT = iphoneos;
				SWIFT_ACTIVE_COMPILATION_CONDITIONS = DEBUG;
				SWIFT_OPTIMIZATION_LEVEL = "-Onone";
			};
			name = Debug;
		};
		7B544D1E2A5F3EDA00D8947F /* Release */ = {
			isa = XCBuildConfiguration;
			buildSettings = {
				ALWAYS_SEARCH_USER_PATHS = NO;
				CLANG_ANALYZER_NONNULL = YES;
				CLANG_ANALYZER_NUMBER_OBJECT_CONVERSION = YES_AGGRESSIVE;
				CLANG_CXX_LANGUAGE_STANDARD = "gnu++20";
				CLANG_ENABLE_MODULES = YES;
				CLANG_ENABLE_OBJC_ARC = YES;
				CLANG_ENABLE_OBJC_WEAK = YES;
				CLANG_WARN_BLOCK_CAPTURE_AUTORELEASING = YES;
				CLANG_WARN_BOOL_CONVERSION = YES;
				CLANG_WARN_COMMA = YES;
				CLANG_WARN_CONSTANT_CONVERSION = YES;
				CLANG_WARN_DEPRECATED_OBJC_IMPLEMENTATIONS = YES;
				CLANG_WARN_DIRECT_OBJC_ISA_USAGE = YES_ERROR;
				CLANG_WARN_DOCUMENTATION_COMMENTS = YES;
				CLANG_WARN_EMPTY_BODY = YES;
				CLANG_WARN_ENUM_CONVERSION = YES;
				CLANG_WARN_INFINITE_RECURSION = YES;
				CLANG_WARN_INT_CONVERSION = YES;
				CLANG_WARN_NON_LITERAL_NULL_CONVERSION = YES;
				CLANG_WARN_OBJC_IMPLICIT_RETAIN_SELF = YES;
				CLANG_WARN_OBJC_LITERAL_CONVERSION = YES;
				CLANG_WARN_OBJC_ROOT_CLASS = YES_ERROR;
				CLANG_WARN_QUOTED_INCLUDE_IN_FRAMEWORK_HEADER = YES;
				CLANG_WARN_RANGE_LOOP_ANALYSIS = YES;
				CLANG_WARN_STRICT_PROTOTYPES = YES;
				CLANG_WARN_SUSPICIOUS_MOVE = YES;
				CLANG_WARN_UNGUARDED_AVAILABILITY = YES_AGGRESSIVE;
				CLANG_WARN_UNREACHABLE_CODE = YES;
				CLANG_WARN__DUPLICATE_METHOD_MATCH = YES;
				COPY_PHASE_STRIP = NO;
				DEBUG_INFORMATION_FORMAT = "dwarf-with-dsym";
				ENABLE_NS_ASSERTIONS = NO;
				ENABLE_STRICT_OBJC_MSGSEND = YES;
				GCC_C_LANGUAGE_STANDARD = gnu11;
				GCC_NO_COMMON_BLOCKS = YES;
				GCC_WARN_64_TO_32_BIT_CONVERSION = YES;
				GCC_WARN_ABOUT_RETURN_TYPE = YES_ERROR;
				GCC_WARN_UNDECLARED_SELECTOR = YES;
				GCC_WARN_UNINITIALIZED_AUTOS = YES_AGGRESSIVE;
				GCC_WARN_UNUSED_FUNCTION = YES;
				GCC_WARN_UNUSED_VARIABLE = YES;
				IPHONEOS_DEPLOYMENT_TARGET = 16.4;
				MTL_ENABLE_DEBUG_INFO = NO;
				MTL_FAST_MATH = YES;
				SDKROOT = iphoneos;
				SWIFT_COMPILATION_MODE = wholemodule;
				SWIFT_OPTIMIZATION_LEVEL = "-O";
				VALIDATE_PRODUCT = YES;
			};
			name = Release;
		};
		7B544D202A5F3EDA00D8947F /* Debug */ = {
			isa = XCBuildConfiguration;
			buildSettings = {
				ASSETCATALOG_COMPILER_APPICON_NAME = AppIcon;
				ASSETCATALOG_COMPILER_GLOBAL_ACCENT_COLOR_NAME = AccentColor;
				CODE_SIGN_STYLE = Automatic;
				CURRENT_PROJECT_VERSION = 1;
				DEVELOPMENT_ASSET_PATHS = "\"Todo/Preview Content\"";
				DEVELOPMENT_TEAM = N6B6UHSBG8;
				ENABLE_PREVIEWS = YES;
				GENERATE_INFOPLIST_FILE = YES;
				INFOPLIST_KEY_UIApplicationSceneManifest_Generation = YES;
				INFOPLIST_KEY_UIApplicationSupportsIndirectInputEvents = YES;
				INFOPLIST_KEY_UILaunchScreen_Generation = YES;
				INFOPLIST_KEY_UISupportedInterfaceOrientations_iPad = "UIInterfaceOrientationPortrait UIInterfaceOrientationPortraitUpsideDown UIInterfaceOrientationLandscapeLeft UIInterfaceOrientationLandscapeRight";
				INFOPLIST_KEY_UISupportedInterfaceOrientations_iPhone = "UIInterfaceOrientationPortrait UIInterfaceOrientationLandscapeLeft UIInterfaceOrientationLandscapeRight";
				LD_RUNPATH_SEARCH_PATHS = (
					"$(inherited)",
					"@executable_path/Frameworks",
				);
				MARKETING_VERSION = 1.0;
				PRODUCT_BUNDLE_IDENTIFIER = sample.com.Todo;
				PRODUCT_NAME = "$(TARGET_NAME)";
				SWIFT_EMIT_LOC_STRINGS = YES;
				SWIFT_VERSION = 5.0;
				TARGETED_DEVICE_FAMILY = "1,2";
			};
			name = Debug;
		};
		7B544D212A5F3EDA00D8947F /* Release */ = {
			isa = XCBuildConfiguration;
			buildSettings = {
				ASSETCATALOG_COMPILER_APPICON_NAME = AppIcon;
				ASSETCATALOG_COMPILER_GLOBAL_ACCENT_COLOR_NAME = AccentColor;
				CODE_SIGN_STYLE = Automatic;
				CURRENT_PROJECT_VERSION = 1;
				DEVELOPMENT_ASSET_PATHS = "\"Todo/Preview Content\"";
				DEVELOPMENT_TEAM = N6B6UHSBG8;
				ENABLE_PREVIEWS = YES;
				GENERATE_INFOPLIST_FILE = YES;
				INFOPLIST_KEY_UIApplicationSceneManifest_Generation = YES;
				INFOPLIST_KEY_UIApplicationSupportsIndirectInputEvents = YES;
				INFOPLIST_KEY_UILaunchScreen_Generation = YES;
				INFOPLIST_KEY_UISupportedInterfaceOrientations_iPad = "UIInterfaceOrientationPortrait UIInterfaceOrientationPortraitUpsideDown UIInterfaceOrientationLandscapeLeft UIInterfaceOrientationLandscapeRight";
				INFOPLIST_KEY_UISupportedInterfaceOrientations_iPhone = "UIInterfaceOrientationPortrait UIInterfaceOrientationLandscapeLeft UIInterfaceOrientationLandscapeRight";
				LD_RUNPATH_SEARCH_PATHS = (
					"$(inherited)",
					"@executable_path/Frameworks",
				);
				MARKETING_VERSION = 1.0;
				PRODUCT_BUNDLE_IDENTIFIER = sample.com.Todo;
				PRODUCT_NAME = "$(TARGET_NAME)";
				SWIFT_EMIT_LOC_STRINGS = YES;
				SWIFT_VERSION = 5.0;
				TARGETED_DEVICE_FAMILY = "1,2";
			};
			name = Release;
		};
/* End XCBuildConfiguration section */

/* Begin XCConfigurationList section */
		7B544D072A5F3EDA00D8947F /* Build configuration list for PBXProject "Todo" */ = {
			isa = XCConfigurationList;
			buildConfigurations = (
				7B544D1D2A5F3EDA00D8947F /* Debug */,
				7B544D1E2A5F3EDA00D8947F /* Release */,
			);
			defaultConfigurationIsVisible = 0;
			defaultConfigurationName = Release;
		};
		7B544D1F2A5F3EDA00D8947F /* Build configuration list for PBXNativeTarget "Todo" */ = {
			isa = XCConfigurationList;
			buildConfigurations = (
				7B544D202A5F3EDA00D8947F /* Debug */,
				7B544D212A5F3EDA00D8947F /* Release */,
			);
			defaultConfigurationIsVisible = 0;
			defaultConfigurationName = Release;
		};
/* End XCConfigurationList section */

/* Begin XCVersionGroup section */
		7B544D1A2A5F3EDA00D8947F /* Todo.xcdatamodeld */ = {
			isa = XCVersionGroup;
			children = (
				7B544D1B2A5F3EDA00D8947F /* Todo.xcdatamodel */,
			);
			currentVersion = 7B544D1B2A5F3EDA00D8947F /* Todo.xcdatamodel */;
			path = Todo.xcdatamodeld;
			sourceTree = "<group>";
			versionGroupType = wrapper.xcdatamodel;
		};
/* End XCVersionGroup section */
	};
	rootObject = 7B544D042A5F3EDA00D8947F /* Project object */;
}
